
Microsoft Visual Studio Solution File, Format Version 12.00
# Visual Studio 15
VisualStudioVersion = 15.0.26228.4
MinimumVisualStudioVersion = 10.0.40219.1
Project("{FAE04EC0-301F-11D3-BF4B-00C04F79EFBC}") = "WebMVC_CODIV2021", "WebMVC_CODIV2021\WebMVC_CODIV2021.csproj", "{ADBA5922-0D79-4C5B-B962-539EE25EDFBF}"
EndProject
Project("{FAE04EC0-301F-11D3-BF4B-00C04F79EFBC}") = "WebApp.Tests", "WebApp.Tests\WebApp.Tests.csproj", "{E60BD23A-6598-4825-9716-D50E79F205D2}"
EndProject
Global
	GlobalSection(SolutionConfigurationPlatforms) = preSolution
		Debug|Any CPU = Debug|Any CPU
		Release|Any CPU = Release|Any CPU
	EndGlobalSection
	GlobalSection(ProjectConfigurationPlatforms) = postSolution
		{ADBA5922-0D79-4C5B-B962-539EE25EDFBF}.Debug|Any CPU.ActiveCfg = Debug|Any CPU
		{ADBA5922-0D79-4C5B-B962-539EE25EDFBF}.Debug|Any CPU.Build.0 = Debug|Any CPU
		{ADBA5922-0D79-4C5B-B962-539EE25EDFBF}.Release|Any CPU.ActiveCfg = Release|Any CPU
		{ADBA5922-0D79-4C5B-B962-539EE25EDFBF}.Release|Any CPU.Build.0 = Release|Any CPU
		{E60BD23A-6598-4825-9716-D50E79F205D2}.Debug|Any CPU.ActiveCfg = Debug|Any CPU
		{E60BD23A-6598-4825-9716-D50E79F205D2}.Debug|Any CPU.Build.0 = Debug|Any CPU
		{E60BD23A-6598-4825-9716-D50E79F205D2}.Release|Any CPU.ActiveCfg = Release|Any CPU
		{E60BD23A-6598-4825-9716-D50E79F205D2}.Release|Any CPU.Build.0 = Release|Any CPU
	EndGlobalSection
	GlobalSection(SolutionProperties) = preSolution
		HideSolutionNode = FALSE
	EndGlobalSection
EndGlobal
